{
  "lockfile-version": 1,
  "manifest": {
    "schema-version": "1.13.0",
    "install": {
      "gum": {
        "pkg-path": "gum"
      },
      "nodejs": {
        "pkg-path": "nodejs"
      }
    },
    "vars": {
      "INTRO_MESSAGE": "Start Dev server:\n  $ flox services start dev\n\nDev server URL:\n  http://localhost:3000/"
    },
    "hook": {
      "on-activate": "  npm install\n"
    },
    "profile": {
      "common": "  gum style \\\n  --foreground 212 --border-foreground 212 --border double \\\n  --align left --width 40 --margin \"1 1\" --padding \"1 1\" \\\n    $INTRO_MESSAGE\n"
    },
    "options": {},
    "services": {
      "dev": {
        "command": "npm run dev"
      }
    }
  },
  "packages": [
    {
      "attr_path": "gum",
      "broken": false,
      "derivation": "/nix/store/82mlsar44w9r83rkjglv77yfc1rl2bpj-gum-2.0.1.drv",
      "description": "Tasty Bubble Gum for your shell",
      "install_id": "gum",
      "license": "MIT",
      "locked_url": "https://github.com/flox/nixpkgs?rev=20b1ddd1aa5ace70c9468305030aa4f9ef79671b",
      "name": "gum-2.0.1",
      "pname": "gum",
      "rev": "20b1ddd1aa5ace70c9468305030aa4f9ef79671b",
      "rev_count": 1076192,
      "rev_date": "2026-09-19T02:38:33Z",
      "scrape_date": "2026-09-20T04:57:59.606540Z",
      "stabilities": [
        "unstable"
      ],
      "unfree": false,
      "version": "2.0.1",
      "outputs_to_install": [
        "out"
      ],
      "outputs": {
        "out": "/nix/store/51k6cmy2dmz8mqpf523skc2zx1adsyjc-gum-2.0.1"
      },
      "system": "aarch64-darwin",
      "group": "toplevel",
      "priority": 5
    },
    {
      "attr_path": "gum",
      "broken": false,
      "derivation": "/nix/store/rp79p6b38k143sv8imv7jf1x6qy4v4kk-gum-2.0.1.drv",
      "description": "Tasty Bubble Gum for your shell",
      "install_id": "gum",
      "license": "MIT",
      "locked_url": "https://github.com/flox/nixpkgs?rev=20b1ddd1aa5ace70c9468305030aa4f9ef79671b",
      "name": "gum-2.0.1",
      "pname": "gum",
      "rev": "20b1ddd1aa5ace70c9468305030aa4f9ef79671b",
      "rev_count": 1076192,
      "rev_date": "2026-09-19T02:38:33Z",
      "scrape_date": "2026-09-20T05:30:54.743510Z",
      "stabilities": [
        "unstable"
      ],
      "unfree": false,
      "version": "2.0.1",
      "outputs_to_install": [
        "out"
      ],
      "outputs": {
        "out": "/nix/store/spwyp5r4xdmshagzg02zp9kl9hcy1jcs-gum-2.0.1"
      },
      "system": "aarch64-linux",
      "group": "toplevel",
      "priority": 5
    },
    {
      "attr_path": "gum",
      "broken": false,
      "derivation": "/nix/store/i5qkjw5ia5sma1c01fcqjcx6w29pzvi6-gum-2.0.1.drv",
      "description": "Tasty Bubble Gum for your shell",
      "install_id": "gum",
      "license": "MIT",
      "locked_url": "https://github.com/flox/nixpkgs?rev=20b1ddd1aa5ace70c9468305030aa4f9ef79671b",
      "name": "gum-2.0.1",
      "pname": "gum",
      "rev": "20b1ddd1aa5ace70c9468305030aa4f9ef79671b",
      "rev_count": 1076192,
      "rev_date": "2026-09-19T02:38:33Z",
      "scrape_date": "2026-09-20T06:07:13.864905Z",
      "stabilities": [
        "unstable"
      ],
      "unfree": false,
      "version": "2.0.1",
      "outputs_to_install": [
        "out"
      ],
      "outputs": {
        "out": "/nix/store/mds9nirp9ia1mi3fbmcqlymi71nylj94-gum-2.0.1"
      },
      "system": "x86_64-linux",
      "group": "toplevel",
      "priority": 5
    },
    {
      "attr_path": "nodejs",
      "broken": false,
      "derivation": "/nix/store/j062ph4sqspapzz4bz4knx0icy2kfgjy-nodejs-24.20.0.drv",
      "description": "Event-driven I/O framework for the V8 JavaScript engine",
      "install_id": "nodejs",
      "license": "MIT",
      "locked_url": "https://github.com/flox/nixpkgs?rev=20b1ddd1aa5ace70c9468305030aa4f9ef79671b",
      "name": "nodejs-24.20.0",
      "pname": "nodejs",
      "rev": "20b1ddd1aa5ace70c9468305030aa4f9ef79671b",
      "rev_count": 1076192,
      "rev_date": "2026-09-19T02:38:33Z",
      "scrape_date": "2026-09-20T04:58:24.636708Z",
      "stabilities": [
        "unstable"
      ],
      "unfree": false,
      "version": "24.20.0",
      "outputs_to_install": [
        "out",
        "out"
      ],
      "outputs": {
        "out": "/nix/store/7pn7zw2sciv3fih9l4xpyvx0q8hlrr0w-nodejs-24.20.0"
      },
      "system": "aarch64-darwin",
      "group": "toplevel",
      "priority": 5
    },
    {
      "attr_path": "nodejs",
      "broken": false,
      "derivation": "/nix/store/z4ixg7wqqz4wvlvb3ava11m1khid3a1g-nodejs-24.20.0.drv",
      "description": "Event-driven I/O framework for the V8 JavaScript engine",
      "install_id": "nodejs",
      "license": "MIT",
      "locked_url": "https://github.com/flox/nixpkgs?rev=20b1ddd1aa5ace70c9468305030aa4f9ef79671b",
      "name": "nodejs-24.20.0",
      "pname": "nodejs",
      "rev": "20b1ddd1aa5ace70c9468305030aa4f9ef79671b",
      "rev_count": 1076192,
      "rev_date": "2026-09-19T02:38:33Z",
      "scrape_date": "2026-09-20T05:31:30.875169Z",
      "stabilities": [
        "unstable"
      ],
      "unfree": false,
      "version": "24.20.0",
      "outputs_to_install": [
        "out",
        "out"
      ],
      "outputs": {
        "out": "/nix/store/hnizp3p9k7gix8iqlip1pai9fy417ygy-nodejs-24.20.0"
      },
      "system": "aarch64-linux",
      "group": "toplevel",
      "priority": 5
    },
    {
      "attr_path": "nodejs",
      "broken": false,
      "derivation": "/nix/store/0z73lh3jfj7hpng8kiinipj94wrwa0j9-nodejs-24.20.0.drv",
      "description": "Event-driven I/O framework for the V8 JavaScript engine",
      "install_id": "nodejs",
      "license": "MIT",
      "locked_url": "https://github.com/flox/nixpkgs?rev=20b1ddd1aa5ace70c9468305030aa4f9ef79671b",
      "name": "nodejs-24.20.0",
      "pname": "nodejs",
      "rev": "20b1ddd1aa5ace70c9468305030aa4f9ef79671b",
      "rev_count": 1076192,
      "rev_date": "2026-09-19T02:38:33Z",
      "scrape_date": "2026-09-20T06:07:52.410300Z",
      "stabilities": [
        "unstable"
      ],
      "unfree": false,
      "version": "24.20.0",
      "outputs_to_install": [
        "out",
        "out"
      ],
      "outputs": {
        "out": "/nix/store/v6wsd9nyglmwh32yn7w8z11dq9cksg4m-nodejs-24.20.0"
      },
      "system": "x86_64-linux",
      "group": "toplevel",
      "priority": 5
    }
  ]
}
